Microsoft Visual Studio Solution File, Format Version 12.00
# Visual Studio Version 17
VisualStudioVersion = 17.13.35931.197
MinimumVisualStudioVersion = 10.0.40219.1
Project("{FAE04EC0-301F-11D3-BF4B-00C04F79EFBC}") = "WinformsApp", "WinformsApp\WinformsApp.csproj", "{D057EDC6-D60F-3007-4B84-7ECBF7087272}"
EndProject
Global
	GlobalSection(SolutionConfigurationPlatforms) = preSolution
		Debug|Any CPU = Debug|Any CPU
		Release|Any CPU = Release|Any CPU
	EndGlobalSection
	GlobalSection(ProjectConfigurationPlatforms) = postSolution
		{D057EDC6-D60F-3007-4B84-7ECBF7087272}.Debug|Any CPU.ActiveCfg = Debug|Any CPU
		{D057EDC6-D60F-3007-4B84-7ECBF7087272}.Debug|Any CPU.Build.0 = Debug|Any CPU
		{D057EDC6-D60F-3007-4B84-7ECBF7087272}.Release|Any CPU.ActiveCfg = Release|Any CPU
		{D057EDC6-D60F-3007-4B84-7ECBF7087272}.Release|Any CPU.Build.0 = Release|Any CPU
	EndGlobalSection
	GlobalSection(SolutionProperties) = preSolution
		HideSolutionNode = FALSE
	EndGlobalSection
	GlobalSection(ExtensibilityGlobals) = postSolution
		SolutionGuid = {A685D5EF-B6B0-4684-AF6E-BCFBE568D89C}
	EndGlobalSection
EndGlobal
